
Microsoft Visual Studio Solution File, Format Version 12.00
# Visual Studio Version 17
VisualStudioVersion = 17.0.31903.59
MinimumVisualStudioVersion = 10.0.40219.1
Project("{FAE04EC0-301F-11D3-BF4B-00C04F79EFBC}") = "NotebookStore.Entities", "NotebookStore.Entities\NotebookStore.Entities.csproj", "{BEFA766F-A759-4E1A-8B6B-75FA7167362D}"
EndProject
Project("{FAE04EC0-301F-11D3-BF4B-00C04F79EFBC}") = "NotebookStoreTestConsole", "NotebookStoreTestConsole\NotebookStoreTestConsole.csproj", "{E6DDAA2F-226C-4CAF-8B7F-3FD6FC0D1720}"
EndProject
Project("{FAE04EC0-301F-11D3-BF4B-00C04F79EFBC}") = "NotebookStoreContext", "NotebookStoreContext\NotebookStoreContext.csproj", "{EA4F908E-6B51-40F1-9EC3-AB4284D69DF6}"
EndProject
Project("{FAE04EC0-301F-11D3-BF4B-00C04F79EFBC}") = "NotebookStoreMVC", "NotebookStoreMVC\NotebookStoreMVC.csproj", "{C439A7A2-C8FA-45F3-B88D-653A00F098B8}"
EndProject
Project("{FAE04EC0-301F-11D3-BF4B-00C04F79EFBC}") = "NotebookStore.DAL", "NotebookStore.DAL\NotebookStore.DAL.csproj", "{737CD183-9FC3-415B-ABDE-2CC17EBBBA71}"
EndProject
Global
	GlobalSection(SolutionConfigurationPlatforms) = preSolution
		Debug|Any CPU = Debug|Any CPU
		Release|Any CPU = Release|Any CPU
	EndGlobalSection
	GlobalSection(ProjectConfigurationPlatforms) = postSolution
		{BEFA766F-A759-4E1A-8B6B-75FA7167362D}.Debug|Any CPU.ActiveCfg = Debug|Any CPU
		{BEFA766F-A759-4E1A-8B6B-75FA7167362D}.Debug|Any CPU.Build.0 = Debug|Any CPU
		{BEFA766F-A759-4E1A-8B6B-75FA7167362D}.Release|Any CPU.ActiveCfg = Release|Any CPU
		{BEFA766F-A759-4E1A-8B6B-75FA7167362D}.Release|Any CPU.Build.0 = Release|Any CPU
		{E6DDAA2F-226C-4CAF-8B7F-3FD6FC0D1720}.Debug|Any CPU.ActiveCfg = Debug|Any CPU
		{E6DDAA2F-226C-4CAF-8B7F-3FD6FC0D1720}.Debug|Any CPU.Build.0 = Debug|Any CPU
		{E6DDAA2F-226C-4CAF-8B7F-3FD6FC0D1720}.Release|Any CPU.ActiveCfg = Release|Any CPU
		{E6DDAA2F-226C-4CAF-8B7F-3FD6FC0D1720}.Release|Any CPU.Build.0 = Release|Any CPU
		{EA4F908E-6B51-40F1-9EC3-AB4284D69DF6}.Debug|Any CPU.ActiveCfg = Debug|Any CPU
		{EA4F908E-6B51-40F1-9EC3-AB4284D69DF6}.Debug|Any CPU.Build.0 = Debug|Any CPU
		{EA4F908E-6B51-40F1-9EC3-AB4284D69DF6}.Release|Any CPU.ActiveCfg = Release|Any CPU
		{EA4F908E-6B51-40F1-9EC3-AB4284D69DF6}.Release|Any CPU.Build.0 = Release|Any CPU
		{C439A7A2-C8FA-45F3-B88D-653A00F098B8}.Debug|Any CPU.ActiveCfg = Debug|Any CPU
		{C439A7A2-C8FA-45F3-B88D-653A00F098B8}.Debug|Any CPU.Build.0 = Debug|Any CPU
		{C439A7A2-C8FA-45F3-B88D-653A00F098B8}.Release|Any CPU.ActiveCfg = Release|Any CPU
		{C439A7A2-C8FA-45F3-B88D-653A00F098B8}.Release|Any CPU.Build.0 = Release|Any CPU
		{737CD183-9FC3-415B-ABDE-2CC17EBBBA71}.Debug|Any CPU.ActiveCfg = Debug|Any CPU
		{737CD183-9FC3-415B-ABDE-2CC17EBBBA71}.Debug|Any CPU.Build.0 = Debug|Any CPU
		{737CD183-9FC3-415B-ABDE-2CC17EBBBA71}.Release|Any CPU.ActiveCfg = Release|Any CPU
		{737CD183-9FC3-415B-ABDE-2CC17EBBBA71}.Release|Any CPU.Build.0 = Release|Any CPU
	EndGlobalSection
	GlobalSection(SolutionProperties) = preSolution
		HideSolutionNode = FALSE
	EndGlobalSection
EndGlobal
